
Microsoft Visual Studio Solution File, Format Version 12.00
# Visual Studio 15
VisualStudioVersion = 15.0.28307.271
MinimumVisualStudioVersion = 10.0.40219.1
Project("{FAE04EC0-301F-11D3-BF4B-00C04F79EFBC}") = "IOStreamsApplication", "IOStreamsApplication\IOStreamsApplication.csproj", "{942440AE-7BF3-415E-A288-57CAC924170B}"
EndProject
Project("{FAE04EC0-301F-11D3-BF4B-00C04F79EFBC}") = "IOStreamsApplicationTest", "IOStreamsApplicationTest\IOStreamsApplicationTest.csproj", "{6A48F8D1-A305-42DC-93CE-A1370360C876}"
EndProject
Global
	GlobalSection(SolutionConfigurationPlatforms) = preSolution
		Debug|Any CPU = Debug|Any CPU
		Release|Any CPU = Release|Any CPU
	EndGlobalSection
	GlobalSection(ProjectConfigurationPlatforms) = postSolution
		{942440AE-7BF3-415E-A288-57CAC924170B}.Debug|Any CPU.ActiveCfg = Debug|Any CPU
		{942440AE-7BF3-415E-A288-57CAC924170B}.Debug|Any CPU.Build.0 = Debug|Any CPU
		{942440AE-7BF3-415E-A288-57CAC924170B}.Release|Any CPU.ActiveCfg = Release|Any CPU
		{942440AE-7BF3-415E-A288-57CAC924170B}.Release|Any CPU.Build.0 = Release|Any CPU
		{6A48F8D1-A305-42DC-93CE-A1370360C876}.Debug|Any CPU.ActiveCfg = Debug|Any CPU
		{6A48F8D1-A305-42DC-93CE-A1370360C876}.Debug|Any CPU.Build.0 = Debug|Any CPU
		{6A48F8D1-A305-42DC-93CE-A1370360C876}.Release|Any CPU.ActiveCfg = Release|Any CPU
		{6A48F8D1-A305-42DC-93CE-A1370360C876}.Release|Any CPU.Build.0 = Release|Any CPU
	EndGlobalSection
	GlobalSection(SolutionProperties) = preSolution
		HideSolutionNode = FALSE
	EndGlobalSection
	GlobalSection(ExtensibilityGlobals) = postSolution
		SolutionGuid = {F2E7EF29-F116-47EE-9EE1-0DD26513BADD}
	EndGlobalSection
EndGlobal
